
Microsoft Visual Studio Solution File, Format Version 12.00
# Visual Studio Version 17
VisualStudioVersion = 17.8.34408.163
MinimumVisualStudioVersion = 10.0.40219.1
Project("{FAE04EC0-301F-11D3-BF4B-00C04F79EFBC}") = "modul5_1302223038", "modul5_1302223038\modul5_1302223038.csproj", "{50A0EBC1-6737-44EF-ABD0-01BAC8E451FD}"
EndProject
Global
	GlobalSection(SolutionConfigurationPlatforms) = preSolution
		Debug|Any CPU = Debug|Any CPU
		Release|Any CPU = Release|Any CPU
	EndGlobalSection
	GlobalSection(ProjectConfigurationPlatforms) = postSolution
		{50A0EBC1-6737-44EF-ABD0-01BAC8E451FD}.Debug|Any CPU.ActiveCfg = Debug|Any CPU
		{50A0EBC1-6737-44EF-ABD0-01BAC8E451FD}.Debug|Any CPU.Build.0 = Debug|Any CPU
		{50A0EBC1-6737-44EF-ABD0-01BAC8E451FD}.Release|Any CPU.ActiveCfg = Release|Any CPU
		{50A0EBC1-6737-44EF-ABD0-01BAC8E451FD}.Release|Any CPU.Build.0 = Release|Any CPU
	EndGlobalSection
	GlobalSection(SolutionProperties) = preSolution
		HideSolutionNode = FALSE
	EndGlobalSection
	GlobalSection(ExtensibilityGlobals) = postSolution
		SolutionGuid = {97B20980-DD48-4675-B8CC-63C70A14A214}
	EndGlobalSection
EndGlobal
